// !$*UTF8*$!
{
	archiveVersion = 1;
	classes = {
	};
	objectVersion = 56;
	objects = {

/* Begin PBXBuildFile section */
		9C04DB5428565D70002A452F /* TextKit.framework in Frameworks */ = {isa = PBXBuildFile; fileRef = 9C04DB4B28565D70002A452F /* TextKit.framework */; };
		9C04DB5928565D70002A452F /* TextKitTests.swift in Sources */ = {isa = PBXBuildFile; fileRef = 9C04DB5828565D70002A452F /* TextKitTests.swift */; };
		9C04DB6428565DB2002A452F /* TextView.swift in Sources */ = {isa = PBXBuildFile; fileRef = 9C04DB6328565DB2002A452F /* TextView.swift */; };
		9C933ECD2856E1CB00064000 /* TextFragment.swift in Sources */ = {isa = PBXBuildFile; fileRef = 9C933ECC2856E1CB00064000 /* TextFragment.swift */; };
		9C933ECF2856F4E100064000 /* TextFragmentEnvironment.swift in Sources */ = {isa = PBXBuildFile; fileRef = 9C933ECE2856F4E100064000 /* TextFragmentEnvironment.swift */; };
		9C933ED12856F7F300064000 /* TextEnvironment.swift in Sources */ = {isa = PBXBuildFile; fileRef = 9C933ED02856F7F300064000 /* TextEnvironment.swift */; };
		9C933ED52856FAD800064000 /* TextRenderingView.swift in Sources */ = {isa = PBXBuildFile; fileRef = 9C933ED42856FAD800064000 /* TextRenderingView.swift */; };
		9C933ED72856FAE200064000 /* TextFragmentRenderingView.swift in Sources */ = {isa = PBXBuildFile; fileRef = 9C933ED62856FAE200064000 /* TextFragmentRenderingView.swift */; };
		9C933ED92856FB1400064000 /* TextLayout.swift in Sources */ = {isa = PBXBuildFile; fileRef = 9C933ED82856FB1400064000 /* TextLayout.swift */; };
		9C933EDB2857016F00064000 /* TextSpace.swift in Sources */ = {isa = PBXBuildFile; fileRef = 9C933EDA2857016F00064000 /* TextSpace.swift */; };
		9C933EDD2857034600064000 /* View+TextSpaceOrder.swift in Sources */ = {isa = PBXBuildFile; fileRef = 9C933EDC2857034600064000 /* View+TextSpaceOrder.swift */; };
		9C933EDF285704CD00064000 /* TextEnvironmentManager.swift in Sources */ = {isa = PBXBuildFile; fileRef = 9C933EDE285704CD00064000 /* TextEnvironmentManager.swift */; };
/* End PBXBuildFile section */

/* Begin PBXContainerItemProxy section */
		9C04DB5528565D70002A452F /* PBXContainerItemProxy */ = {
			isa = PBXContainerItemProxy;
			containerPortal = 9C04DB4228565D70002A452F /* Project object */;
			proxyType = 1;
			remoteGlobalIDString = 9C04DB4A28565D70002A452F;
			remoteInfo = TextKit;
		};
/* End PBXContainerItemProxy section */

/* Begin PBXFileReference section */
		9C04DB4B28565D70002A452F /* TextKit.framework */ = {isa = PBXFileReference; explicitFileType = wrapper.framework; includeInIndex = 0; path = TextKit.framework; sourceTree = BUILT_PRODUCTS_DIR; };
		9C04DB5328565D70002A452F /* TextKitTests.xctest */ = {isa = PBXFileReference; explicitFileType = wrapper.cfbundle; includeInIndex = 0; path = TextKitTests.xctest; sourceTree = BUILT_PRODUCTS_DIR; };
		9C04DB5828565D70002A452F /* TextKitTests.swift */ = {isa = PBXFileReference; lastKnownFileType = sourcecode.swift; path = TextKitTests.swift; sourceTree = "<group>"; };
		9C04DB6328565DB2002A452F /* TextView.swift */ = {isa = PBXFileReference; lastKnownFileType = sourcecode.swift; path = TextView.swift; sourceTree = "<group>"; };
		9C933ECC2856E1CB00064000 /* TextFragment.swift */ = {isa = PBXFileReference; lastKnownFileType = sourcecode.swift; path = TextFragment.swift; sourceTree = "<group>"; };
		9C933ECE2856F4E100064000 /* TextFragmentEnvironment.swift */ = {isa = PBXFileReference; lastKnownFileType = sourcecode.swift; path = TextFragmentEnvironment.swift; sourceTree = "<group>"; };
		9C933ED02856F7F300064000 /* TextEnvironment.swift */ = {isa = PBXFileReference; lastKnownFileType = sourcecode.swift; path = TextEnvironment.swift; sourceTree = "<group>"; };
		9C933ED42856FAD800064000 /* TextRenderingView.swift */ = {isa = PBXFileReference; lastKnownFileType = sourcecode.swift; path = TextRenderingView.swift; sourceTree = "<group>"; };
		9C933ED62856FAE200064000 /* TextFragmentRenderingView.swift */ = {isa = PBXFileReference; lastKnownFileType = sourcecode.swift; path = TextFragmentRenderingView.swift; sourceTree = "<group>"; };
		9C933ED82856FB1400064000 /* TextLayout.swift */ = {isa = PBXFileReference; lastKnownFileType = sourcecode.swift; path = TextLayout.swift; sourceTree = "<group>"; };
		9C933EDA2857016F00064000 /* TextSpace.swift */ = {isa = PBXFileReference; lastKnownFileType = sourcecode.swift; path = TextSpace.swift; sourceTree = "<group>"; };
		9C933EDC2857034600064000 /* View+TextSpaceOrder.swift */ = {isa = PBXFileReference; lastKnownFileType = sourcecode.swift; path = "View+TextSpaceOrder.swift"; sourceTree = "<group>"; };
		9C933EDE285704CD00064000 /* TextEnvironmentManager.swift */ = {isa = PBXFileReference; lastKnownFileType = sourcecode.swift; path = TextEnvironmentManager.swift; sourceTree = "<group>"; };
/* End PBXFileReference section */

/* Begin PBXFrameworksBuildPhase section */
		9C04DB4828565D70002A452F /* Frameworks */ = {
			isa = PBXFrameworksBuildPhase;
			buildActionMask = 2147483647;
			files = (
			);
			runOnlyForDeploymentPostprocessing = 0;
		};
		9C04DB5028565D70002A452F /* Frameworks */ = {
			isa = PBXFrameworksBuildPhase;
			buildActionMask = 2147483647;
			files = (
				9C04DB5428565D70002A452F /* TextKit.framework in Frameworks */,
			);
			runOnlyForDeploymentPostprocessing = 0;
		};
/* End PBXFrameworksBuildPhase section */

/* Begin PBXGroup section */
		9C04DB4128565D70002A452F = {
			isa = PBXGroup;
			children = (
				9C04DB4D28565D70002A452F /* TextKit */,
				9C04DB5728565D70002A452F /* TextKitTests */,
				9C04DB4C28565D70002A452F /* Products */,
			);
			sourceTree = "<group>";
		};
		9C04DB4C28565D70002A452F /* Products */ = {
			isa = PBXGroup;
			children = (
				9C04DB4B28565D70002A452F /* TextKit.framework */,
				9C04DB5328565D70002A452F /* TextKitTests.xctest */,
			);
			name = Products;
			sourceTree = "<group>";
		};
		9C04DB4D28565D70002A452F /* TextKit */ = {
			isa = PBXGroup;
			children = (
				9C933ED22856F91200064000 /* Prelude */,
				9C933ED32856F91900064000 /* Core */,
			);
			path = TextKit;
			sourceTree = "<group>";
		};
		9C04DB5728565D70002A452F /* TextKitTests */ = {
			isa = PBXGroup;
			children = (
				9C04DB5828565D70002A452F /* TextKitTests.swift */,
			);
			path = TextKitTests;
			sourceTree = "<group>";
		};
		9C933ED22856F91200064000 /* Prelude */ = {
			isa = PBXGroup;
			children = (
				9C04DB6328565DB2002A452F /* TextView.swift */,
				9C933ECC2856E1CB00064000 /* TextFragment.swift */,
				9C933EDA2857016F00064000 /* TextSpace.swift */,
				9C933EDC2857034600064000 /* View+TextSpaceOrder.swift */,
			);
			path = Prelude;
			sourceTree = "<group>";
		};
		9C933ED32856F91900064000 /* Core */ = {
			isa = PBXGroup;
			children = (
				9C933ED82856FB1400064000 /* TextLayout.swift */,
				9C933ED02856F7F300064000 /* TextEnvironment.swift */,
				9C933EDE285704CD00064000 /* TextEnvironmentManager.swift */,
				9C933ED42856FAD800064000 /* TextRenderingView.swift */,
				9C933ED62856FAE200064000 /* TextFragmentRenderingView.swift */,
				9C933ECE2856F4E100064000 /* TextFragmentEnvironment.swift */,
			);
			path = Core;
			sourceTree = "<group>";
		};
/* End PBXGroup section */

/* Begin PBXHeadersBuildPhase section */
		9C04DB4628565D70002A452F /* Headers */ = {
			isa = PBXHeadersBuildPhase;
			buildActionMask = 2147483647;
			files = (
			);
			runOnlyForDeploymentPostprocessing = 0;
		};
/* End PBXHeadersBuildPhase section */

/* Begin PBXNativeTarget section */
		9C04DB4A28565D70002A452F /* TextKit */ = {
			isa = PBXNativeTarget;
			buildConfigurationList = 9C04DB5D28565D70002A452F /* Build configuration list for PBXNativeTarget "TextKit" */;
			buildPhases = (
				9C04DB4628565D70002A452F /* Headers */,
				9C04DB4728565D70002A452F /* Sources */,
				9C04DB4828565D70002A452F /* Frameworks */,
				9C04DB4928565D70002A452F /* Resources */,
			);
			buildRules = (
			);
			dependencies = (
			);
			name = TextKit;
			productName = TextKit;
			productReference = 9C04DB4B28565D70002A452F /* TextKit.framework */;
			productType = "com.apple.product-type.framework";
		};
		9C04DB5228565D70002A452F /* TextKitTests */ = {
			isa = PBXNativeTarget;
			buildConfigurationList = 9C04DB6028565D70002A452F /* Build configuration list for PBXNativeTarget "TextKitTests" */;
			buildPhases = (
				9C04DB4F28565D70002A452F /* Sources */,
				9C04DB5028565D70002A452F /* Frameworks */,
				9C04DB5128565D70002A452F /* Resources */,
			);
			buildRules = (
			);
			dependencies = (
				9C04DB5628565D70002A452F /* PBXTargetDependency */,
			);
			name = TextKitTests;
			productName = TextKitTests;
			productReference = 9C04DB5328565D70002A452F /* TextKitTests.xctest */;
			productType = "com.apple.product-type.bundle.unit-test";
		};
/* End PBXNativeTarget section */

/* Begin PBXProject section */
		9C04DB4228565D70002A452F /* Project object */ = {
			isa = PBXProject;
			attributes = {
				BuildIndependentTargetsInParallel = 1;
				LastSwiftUpdateCheck = 1400;
				LastUpgradeCheck = 1400;
				TargetAttributes = {
					9C04DB4A28565D70002A452F = {
						CreatedOnToolsVersion = 14.0;
						LastSwiftMigration = 1400;
					};
					9C04DB5228565D70002A452F = {
						CreatedOnToolsVersion = 14.0;
					};
				};
			};
			buildConfigurationList = 9C04DB4528565D70002A452F /* Build configuration list for PBXProject "TextKit" */;
			compatibilityVersion = "Xcode 14.0";
			developmentRegion = en;
			hasScannedForEncodings = 0;
			knownRegions = (
				en,
				Base,
			);
			mainGroup = 9C04DB4128565D70002A452F;
			productRefGroup = 9C04DB4C28565D70002A452F /* Products */;
			projectDirPath = "";
			projectRoot = "";
			targets = (
				9C04DB4A28565D70002A452F /* TextKit */,
				9C04DB5228565D70002A452F /* TextKitTests */,
			);
		};
/* End PBXProject section */

/* Begin PBXResourcesBuildPhase section */
		9C04DB4928565D70002A452F /* Resources */ = {
			isa = PBXResourcesBuildPhase;
			buildActionMask = 2147483647;
			files = (
			);
			runOnlyForDeploymentPostprocessing = 0;
		};
		9C04DB5128565D70002A452F /* Resources */ = {
			isa = PBXResourcesBuildPhase;
			buildActionMask = 2147483647;
			files = (
			);
			runOnlyForDeploymentPostprocessing = 0;
		};
/* End PBXResourcesBuildPhase section */

/* Begin PBXSourcesBuildPhase section */
		9C04DB4728565D70002A452F /* Sources */ = {
			isa = PBXSourcesBuildPhase;
			buildActionMask = 2147483647;
			files = (
				9C933EDD2857034600064000 /* View+TextSpaceOrder.swift in Sources */,
				9C933ED12856F7F300064000 /* TextEnvironment.swift in Sources */,
				9C933ECD2856E1CB00064000 /* TextFragment.swift in Sources */,
				9C933ED52856FAD800064000 /* TextRenderingView.swift in Sources */,
				9C933EDB2857016F00064000 /* TextSpace.swift in Sources */,
				9C933ED92856FB1400064000 /* TextLayout.swift in Sources */,
				9C04DB6428565DB2002A452F /* TextView.swift in Sources */,
				9C933ED72856FAE200064000 /* TextFragmentRenderingView.swift in Sources */,
				9C933EDF285704CD00064000 /* TextEnvironmentManager.swift in Sources */,
				9C933ECF2856F4E100064000 /* TextFragmentEnvironment.swift in Sources */,
			);
			runOnlyForDeploymentPostprocessing = 0;
		};
		9C04DB4F28565D70002A452F /* Sources */ = {
			isa = PBXSourcesBuildPhase;
			buildActionMask = 2147483647;
			files = (
				9C04DB5928565D70002A452F /* TextKitTests.swift in Sources */,
			);
			runOnlyForDeploymentPostprocessing = 0;
		};
/* End PBXSourcesBuildPhase section */

/* Begin PBXTargetDependency section */
		9C04DB5628565D70002A452F /* PBXTargetDependency */ = {
			isa = PBXTargetDependency;
			target = 9C04DB4A28565D70002A452F /* TextKit */;
			targetProxy = 9C04DB5528565D70002A452F /* PBXContainerItemProxy */;
		};
/* End PBXTargetDependency section */

/* Begin XCBuildConfiguration section */
		9C04DB5B28565D70002A452F /* Debug */ = {
			isa = XCBuildConfiguration;
			buildSettings = {
				ALWAYS_SEARCH_USER_PATHS = NO;
				CLANG_ANALYZER_NONNULL = YES;
				CLANG_ANALYZER_NUMBER_OBJECT_CONVERSION = YES_AGGRESSIVE;
				CLANG_CXX_LANGUAGE_STANDARD = "gnu++17";
				CLANG_ENABLE_MODULES = YES;
				CLANG_ENABLE_OBJC_ARC = YES;
				CLANG_ENABLE_OBJC_WEAK = YES;
				CLANG_WARN_BLOCK_CAPTURE_AUTORELEASING = YES;
				CLANG_WARN_BOOL_CONVERSION = YES;
				CLANG_WARN_COMMA = YES;
				CLANG_WARN_CONSTANT_CONVERSION = YES;
				CLANG_WARN_DEPRECATED_OBJC_IMPLEMENTATIONS = YES;
				CLANG_WARN_DIRECT_OBJC_ISA_USAGE = YES_ERROR;
				CLANG_WARN_DOCUMENTATION_COMMENTS = YES;
				CLANG_WARN_EMPTY_BODY = YES;
				CLANG_WARN_ENUM_CONVERSION = YES;
				CLANG_WARN_INFINITE_RECURSION = YES;
				CLANG_WARN_INT_CONVERSION = YES;
				CLANG_WARN_NON_LITERAL_NULL_CONVERSION = YES;
				CLANG_WARN_OBJC_IMPLICIT_RETAIN_SELF = YES;
				CLANG_WARN_OBJC_LITERAL_CONVERSION = YES;
				CLANG_WARN_OBJC_ROOT_CLASS = YES_ERROR;
				CLANG_WARN_QUOTED_INCLUDE_IN_FRAMEWORK_HEADER = YES;
				CLANG_WARN_RANGE_LOOP_ANALYSIS = YES;
				CLANG_WARN_STRICT_PROTOTYPES = YES;
				CLANG_WARN_SUSPICIOUS_MOVE = YES;
				CLANG_WARN_UNGUARDED_AVAILABILITY = YES_AGGRESSIVE;
				CLANG_WARN_UNREACHABLE_CODE = YES;
				CLANG_WARN__DUPLICATE_METHOD_MATCH = YES;
				COPY_PHASE_STRIP = NO;
				CURRENT_PROJECT_VERSION = 1;
				DEBUG_INFORMATION_FORMAT = dwarf;
				ENABLE_STRICT_OBJC_MSGSEND = YES;
				ENABLE_TESTABILITY = YES;
				GCC_C_LANGUAGE_STANDARD = gnu11;
				GCC_DYNAMIC_NO_PIC = NO;
				GCC_NO_COMMON_BLOCKS = YES;
				GCC_OPTIMIZATION_LEVEL = 0;
				GCC_PREPROCESSOR_DEFINITIONS = (
					"DEBUG=1",
					"$(inherited)",
				);
				GCC_WARN_64_TO_32_BIT_CONVERSION = YES;
				GCC_WARN_ABOUT_RETURN_TYPE = YES_ERROR;
				GCC_WARN_UNDECLARED_SELECTOR = YES;
				GCC_WARN_UNINITIALIZED_AUTOS = YES_AGGRESSIVE;
				GCC_WARN_UNUSED_FUNCTION = YES;
				GCC_WARN_UNUSED_VARIABLE = YES;
				MACOSX_DEPLOYMENT_TARGET = 12.4;
				MTL_ENABLE_DEBUG_INFO = INCLUDE_SOURCE;
				MTL_FAST_MATH = YES;
				ONLY_ACTIVE_ARCH = YES;
				SDKROOT = macosx;
				SWIFT_ACTIVE_COMPILATION_CONDITIONS = DEBUG;
				SWIFT_OPTIMIZATION_LEVEL = "-Onone";
				VERSIONING_SYSTEM = "apple-generic";
				VERSION_INFO_PREFIX = "";
			};
			name = Debug;
		};
		9C04DB5C28565D70002A452F /* Release */ = {
			isa = XCBuildConfiguration;
			buildSettings = {
				ALWAYS_SEARCH_USER_PATHS = NO;
				CLANG_ANALYZER_NONNULL = YES;
				CLANG_ANALYZER_NUMBER_OBJECT_CONVERSION = YES_AGGRESSIVE;
				CLANG_CXX_LANGUAGE_STANDARD = "gnu++17";
				CLANG_ENABLE_MODULES = YES;
				CLANG_ENABLE_OBJC_ARC = YES;
				CLANG_ENABLE_OBJC_WEAK = YES;
				CLANG_WARN_BLOCK_CAPTURE_AUTORELEASING = YES;
				CLANG_WARN_BOOL_CONVERSION = YES;
				CLANG_WARN_COMMA = YES;
				CLANG_WARN_CONSTANT_CONVERSION = YES;
				CLANG_WARN_DEPRECATED_OBJC_IMPLEMENTATIONS = YES;
				CLANG_WARN_DIRECT_OBJC_ISA_USAGE = YES_ERROR;
				CLANG_WARN_DOCUMENTATION_COMMENTS = YES;
				CLANG_WARN_EMPTY_BODY = YES;
				CLANG_WARN_ENUM_CONVERSION = YES;
				CLANG_WARN_INFINITE_RECURSION = YES;
				CLANG_WARN_INT_CONVERSION = YES;
				CLANG_WARN_NON_LITERAL_NULL_CONVERSION = YES;
				CLANG_WARN_OBJC_IMPLICIT_RETAIN_SELF = YES;
				CLANG_WARN_OBJC_LITERAL_CONVERSION = YES;
				CLANG_WARN_OBJC_ROOT_CLASS = YES_ERROR;
				CLANG_WARN_QUOTED_INCLUDE_IN_FRAMEWORK_HEADER = YES;
				CLANG_WARN_RANGE_LOOP_ANALYSIS = YES;
				CLANG_WARN_STRICT_PROTOTYPES = YES;
				CLANG_WARN_SUSPICIOUS_MOVE = YES;
				CLANG_WARN_UNGUARDED_AVAILABILITY = YES_AGGRESSIVE;
				CLANG_WARN_UNREACHABLE_CODE = YES;
				CLANG_WARN__DUPLICATE_METHOD_MATCH = YES;
				COPY_PHASE_STRIP = NO;
				CURRENT_PROJECT_VERSION = 1;
				DEBUG_INFORMATION_FORMAT = "dwarf-with-dsym";
				ENABLE_NS_ASSERTIONS = NO;
				ENABLE_STRICT_OBJC_MSGSEND = YES;
				GCC_C_LANGUAGE_STANDARD = gnu11;
				GCC_NO_COMMON_BLOCKS = YES;
				GCC_WARN_64_TO_32_BIT_CONVERSION = YES;
				GCC_WARN_ABOUT_RETURN_TYPE = YES_ERROR;
				GCC_WARN_UNDECLARED_SELECTOR = YES;
				GCC_WARN_UNINITIALIZED_AUTOS = YES_AGGRESSIVE;
				GCC_WARN_UNUSED_FUNCTION = YES;
				GCC_WARN_UNUSED_VARIABLE = YES;
				MACOSX_DEPLOYMENT_TARGET = 12.4;
				MTL_ENABLE_DEBUG_INFO = NO;
				MTL_FAST_MATH = YES;
				SDKROOT = macosx;
				SWIFT_COMPILATION_MODE = wholemodule;
				SWIFT_OPTIMIZATION_LEVEL = "-O";
				VERSIONING_SYSTEM = "apple-generic";
				VERSION_INFO_PREFIX = "";
			};
			name = Release;
		};
		9C04DB5E28565D70002A452F /* Debug */ = {
			isa = XCBuildConfiguration;
			buildSettings = {
				CLANG_ENABLE_MODULES = YES;
				CODE_SIGN_STYLE = Automatic;
				COMBINE_HIDPI_IMAGES = YES;
				CURRENT_PROJECT_VERSION = 1;
				DEFINES_MODULE = YES;
				DYLIB_COMPATIBILITY_VERSION = 1;
				DYLIB_CURRENT_VERSION = 1;
				DYLIB_INSTALL_NAME_BASE = "@rpath";
				GENERATE_INFOPLIST_FILE = YES;
				INFOPLIST_KEY_NSHumanReadableCopyright = "";
				INSTALL_PATH = "$(LOCAL_LIBRARY_DIR)/Frameworks";
				LD_RUNPATH_SEARCH_PATHS = (
					"$(inherited)",
					"@executable_path/../Frameworks",
					"@loader_path/Frameworks",
				);
				MARKETING_VERSION = 1.0;
				PRODUCT_BUNDLE_IDENTIFIER = com.WeZZardDesign.TextKit;
				PRODUCT_NAME = "$(TARGET_NAME:c99extidentifier)";
				SKIP_INSTALL = YES;
				SUPPORTED_PLATFORMS = "macosx iphoneos iphonesimulator appletvos appletvsimulator watchos watchsimulator";
				SWIFT_EMIT_LOC_STRINGS = YES;
				SWIFT_OPTIMIZATION_LEVEL = "-Onone";
				SWIFT_VERSION = 5.0;
			};
			name = Debug;
		};
		9C04DB5F28565D70002A452F /* Release */ = {
			isa = XCBuildConfiguration;
			buildSettings = {
				CLANG_ENABLE_MODULES = YES;
				CODE_SIGN_STYLE = Automatic;
				COMBINE_HIDPI_IMAGES = YES;
				CURRENT_PROJECT_VERSION = 1;
				DEFINES_MODULE = YES;
				DYLIB_COMPATIBILITY_VERSION = 1;
				DYLIB_CURRENT_VERSION = 1;
				DYLIB_INSTALL_NAME_BASE = "@rpath";
				GENERATE_INFOPLIST_FILE = YES;
				INFOPLIST_KEY_NSHumanReadableCopyright = "";
				INSTALL_PATH = "$(LOCAL_LIBRARY_DIR)/Frameworks";
				LD_RUNPATH_SEARCH_PATHS = (
					"$(inherited)",
					"@executable_path/../Frameworks",
					"@loader_path/Frameworks",
				);
				MARKETING_VERSION = 1.0;
				PRODUCT_BUNDLE_IDENTIFIER = com.WeZZardDesign.TextKit;
				PRODUCT_NAME = "$(TARGET_NAME:c99extidentifier)";
				SKIP_INSTALL = YES;
				SUPPORTED_PLATFORMS = "macosx iphoneos iphonesimulator appletvos appletvsimulator watchos watchsimulator";
				SWIFT_EMIT_LOC_STRINGS = YES;
				SWIFT_VERSION = 5.0;
			};
			name = Release;
		};
		9C04DB6128565D70002A452F /* Debug */ = {
			isa = XCBuildConfiguration;
			buildSettings = {
				ALWAYS_EMBED_SWIFT_STANDARD_LIBRARIES = YES;
				CODE_SIGN_STYLE = Automatic;
				CURRENT_PROJECT_VERSION = 1;
				GENERATE_INFOPLIST_FILE = YES;
				MARKETING_VERSION = 1.0;
				PRODUCT_BUNDLE_IDENTIFIER = com.WeZZardDesign.TextKitTests;
				PRODUCT_NAME = "$(TARGET_NAME)";
				SWIFT_EMIT_LOC_STRINGS = NO;
				SWIFT_VERSION = 5.0;
			};
			name = Debug;
		};
		9C04DB6228565D70002A452F /* Release */ = {
			isa = XCBuildConfiguration;
			buildSettings = {
				ALWAYS_EMBED_SWIFT_STANDARD_LIBRARIES = YES;
				CODE_SIGN_STYLE = Automatic;
				CURRENT_PROJECT_VERSION = 1;
				GENERATE_INFOPLIST_FILE = YES;
				MARKETING_VERSION = 1.0;
				PRODUCT_BUNDLE_IDENTIFIER = com.WeZZardDesign.TextKitTests;
				PRODUCT_NAME = "$(TARGET_NAME)";
				SWIFT_EMIT_LOC_STRINGS = NO;
				SWIFT_VERSION = 5.0;
			};
			name = Release;
		};
/* End XCBuildConfiguration section */

/* Begin XCConfigurationList section */
		9C04DB4528565D70002A452F /* Build configuration list for PBXProject "TextKit" */ = {
			isa = XCConfigurationList;
			buildConfigurations = (
				9C04DB5B28565D70002A452F /* Debug */,
				9C04DB5C28565D70002A452F /* Release */,
			);
			defaultConfigurationIsVisible = 0;
			defaultConfigurationName = Release;
		};
		9C04DB5D28565D70002A452F /* Build configuration list for PBXNativeTarget "TextKit" */ = {
			isa = XCConfigurationList;
			buildConfigurations = (
				9C04DB5E28565D70002A452F /* Debug */,
				9C04DB5F28565D70002A452F /* Release */,
			);
			defaultConfigurationIsVisible = 0;
			defaultConfigurationName = Release;
		};
		9C04DB6028565D70002A452F /* Build configuration list for PBXNativeTarget "TextKitTests" */ = {
			isa = XCConfigurationList;
			buildConfigurations = (
				9C04DB6128565D70002A452F /* Debug */,
				9C04DB6228565D70002A452F /* Release */,
			);
			defaultConfigurationIsVisible = 0;
			defaultConfigurationName = Release;
		};
/* End XCConfigurationList section */
	};
	rootObject = 9C04DB4228565D70002A452F /* Project object */;
}
